{
  "name": "lab5",
  "version": "1.0.0",
  "lockfileVersion": 3,
  "requires": true,
  "packages": {
    "": {
      "name": "lab5",
      "version": "1.0.0",
      "license": "ISC",
      "dependencies": {
        "@types/node": "^20.10.3",
        "nodemailer": "^6.9.7",
        "tdv-module-lab5": "^1.0.0"
      }
    },
    "node_modules/@types/node": {
      "version": "20.10.3",
      "resolved": "https://registry.npmjs.org/@types/node/-/node-20.10.3.tgz",
      "integrity": "sha512-XJavIpZqiXID5Yxnxv3RUDKTN5b81ddNC3ecsA0SoFXz/QU8OGBwZGMomiq0zw+uuqbL/krztv/DINAQ/EV4gg==",
      "dependencies": {
        "undici-types": "~5.26.4"
      }
    },
    "node_modules/nodemailer": {
      "version": "6.9.7",
      "resolved": "https://registry.npmjs.org/nodemailer/-/nodemailer-6.9.7.tgz",
      "integrity": "sha512-rUtR77ksqex/eZRLmQ21LKVH5nAAsVicAtAYudK7JgwenEDZ0UIQ1adUGqErz7sMkWYxWTTU1aeP2Jga6WQyJw==",
      "engines": {
        "node": ">=6.0.0"
      }
    },
    "node_modules/tdv-module-lab5": {
      "version": "1.0.0",
      "resolved": "https://registry.npmjs.org/tdv-module-lab5/-/tdv-module-lab5-1.0.0.tgz",
      "integrity": "sha512-bEwez/QUZ/9C00t2m8WISbuDAtdktyl4If9kSamFqdw0wkN8oQuIIO8HRwwgkxR5PkDvXY5SN83r5l489x1+iw=="
    },
    "node_modules/undici-types": {
      "version": "5.26.5",
      "resolved": "https://registry.npmjs.org/undici-types/-/undici-types-5.26.5.tgz",
      "integrity": "sha512-JlCMO+ehdEIKqlFxk6IfVoAUVmgz7cU7zD/h9XZ0qzeosSHmUJVOzSQvvYSYWXkFXC+IfLKSIffhv0sVZup6pA=="
    }
  }
}
